
Microsoft Visual Studio Solution File, Format Version 12.00
# Visual Studio Version 16
VisualStudioVersion = 16.0.31402.337
MinimumVisualStudioVersion = 10.0.40219.1
Project("{9A19103F-16F7-4668-BE54-9A1E7A4F7556}") = "FakeUserApi", "FakeUserApi\FakeUserApi.csproj", "{F4767483-37C4-4442-B1DF-99DC9B34E75E}"
EndProject
Project("{2150E333-8FDC-42A3-9474-1A3956D46DE8}") = "Scripts", "Scripts", "{6F9981E1-08C5-4585-A717-33ED7A7ABD02}"
	ProjectSection(SolutionItems) = preProject
		Script\FakeUserApiImageRun.bat = Script\FakeUserApiImageRun.bat
		Script\FakeUserApiStart.bat = Script\FakeUserApiStart.bat
		Script\Sql_serverImageRun.bat = Script\Sql_serverImageRun.bat
	EndProjectSection
EndProject
Project("{9A19103F-16F7-4668-BE54-9A1E7A4F7556}") = "TransactionApi", "TransactionApi\TransactionApi.csproj", "{C08DDD01-7805-4097-A018-A47E5B929B0B}"
EndProject
Project("{9A19103F-16F7-4668-BE54-9A1E7A4F7556}") = "WebWallet", "WebWal\WebWallet.csproj", "{C43B1CA6-8F73-4222-972C-8EA900EB2CF7}"
EndProject
Global
	GlobalSection(SolutionConfigurationPlatforms) = preSolution
		Debug|Any CPU = Debug|Any CPU
		Release|Any CPU = Release|Any CPU
	EndGlobalSection
	GlobalSection(ProjectConfigurationPlatforms) = postSolution
		{F4767483-37C4-4442-B1DF-99DC9B34E75E}.Debug|Any CPU.ActiveCfg = Debug|Any CPU
		{F4767483-37C4-4442-B1DF-99DC9B34E75E}.Debug|Any CPU.Build.0 = Debug|Any CPU
		{F4767483-37C4-4442-B1DF-99DC9B34E75E}.Release|Any CPU.ActiveCfg = Release|Any CPU
		{F4767483-37C4-4442-B1DF-99DC9B34E75E}.Release|Any CPU.Build.0 = Release|Any CPU
		{C08DDD01-7805-4097-A018-A47E5B929B0B}.Debug|Any CPU.ActiveCfg = Debug|Any CPU
		{C08DDD01-7805-4097-A018-A47E5B929B0B}.Debug|Any CPU.Build.0 = Debug|Any CPU
		{C08DDD01-7805-4097-A018-A47E5B929B0B}.Release|Any CPU.ActiveCfg = Release|Any CPU
		{C08DDD01-7805-4097-A018-A47E5B929B0B}.Release|Any CPU.Build.0 = Release|Any CPU
		{C43B1CA6-8F73-4222-972C-8EA900EB2CF7}.Debug|Any CPU.ActiveCfg = Debug|Any CPU
		{C43B1CA6-8F73-4222-972C-8EA900EB2CF7}.Debug|Any CPU.Build.0 = Debug|Any CPU
		{C43B1CA6-8F73-4222-972C-8EA900EB2CF7}.Release|Any CPU.ActiveCfg = Release|Any CPU
		{C43B1CA6-8F73-4222-972C-8EA900EB2CF7}.Release|Any CPU.Build.0 = Release|Any CPU
	EndGlobalSection
	GlobalSection(SolutionProperties) = preSolution
		HideSolutionNode = FALSE
	EndGlobalSection
	GlobalSection(ExtensibilityGlobals) = postSolution
		SolutionGuid = {89F782E4-A724-4722-8C19-1F66386F45E5}
	EndGlobalSection
EndGlobal
